
Microsoft Visual Studio Solution File, Format Version 12.00
# Visual Studio Version 16
VisualStudioVersion = 16.0.31624.102
MinimumVisualStudioVersion = 10.0.40219.1
Project("{FAE04EC0-301F-11D3-BF4B-00C04F79EFBC}") = "猜字游戏0.1", "猜字游戏0.1\猜字游戏0.1.csproj", "{0DB68832-489F-4F2D-892A-78077C9BDD90}"
EndProject
Global
	GlobalSection(SolutionConfigurationPlatforms) = preSolution
		Debug|Any CPU = Debug|Any CPU
		Debug|x64 = Debug|x64
		Release|Any CPU = Release|Any CPU
		Release|x64 = Release|x64
	EndGlobalSection
	GlobalSection(ProjectConfigurationPlatforms) = postSolution
		{0DB68832-489F-4F2D-892A-78077C9BDD90}.Debug|Any CPU.ActiveCfg = Debug|Any CPU
		{0DB68832-489F-4F2D-892A-78077C9BDD90}.Debug|Any CPU.Build.0 = Debug|Any CPU
		{0DB68832-489F-4F2D-892A-78077C9BDD90}.Debug|x64.ActiveCfg = Debug|x64
		{0DB68832-489F-4F2D-892A-78077C9BDD90}.Debug|x64.Build.0 = Debug|x64
		{0DB68832-489F-4F2D-892A-78077C9BDD90}.Release|Any CPU.ActiveCfg = Release|Any CPU
		{0DB68832-489F-4F2D-892A-78077C9BDD90}.Release|Any CPU.Build.0 = Release|Any CPU
		{0DB68832-489F-4F2D-892A-78077C9BDD90}.Release|x64.ActiveCfg = Release|x64
		{0DB68832-489F-4F2D-892A-78077C9BDD90}.Release|x64.Build.0 = Release|x64
	EndGlobalSection
	GlobalSection(SolutionProperties) = preSolution
		HideSolutionNode = FALSE
	EndGlobalSection
	GlobalSection(ExtensibilityGlobals) = postSolution
		SolutionGuid = {CE71014D-5102-466D-8903-032AC79997A0}
	EndGlobalSection
EndGlobal
